[[package]]
name = "dbus"
version = "0.6.3"
source = "registry+https://github.com/rust-lang/crates.io-index"
dependencies = [
 "libc 0.2.43 (registry+https://github.com/rust-lang/crates.io-index)",
 "libdbus-sys 0.1.4 (registry+https://github.com/rust-lang/crates.io-index)",
]

[[package]]
name = "libc"
version = "0.2.43"
source = "registry+https://github.com/rust-lang/crates.io-index"

[[package]]
name = "libdbus-sys"
version = "0.1.4"
source = "registry+https://github.com/rust-lang/crates.io-index"
dependencies = [
 "pkg-config 0.3.14 (registry+https://github.com/rust-lang/crates.io-index)",
]

[[package]]
name = "pkg-config"
version = "0.3.14"
source = "registry+https://github.com/rust-lang/crates.io-index"

[[package]]
name = "senic-core"
version = "0.1.0"
dependencies = [
 "dbus 0.6.3 (registry+https://github.com/rust-lang/crates.io-index)",
]

[metadata]
"checksum dbus 0.6.3 (registry+https://github.com/rust-lang/crates.io-index)" = "3d975a175aa2dced1a6cd410b89a1bf23918f301eab2b6f7c5e608291b757639"
"checksum libc 0.2.43 (registry+https://github.com/rust-lang/crates.io-index)" = "76e3a3ef172f1a0b9a9ff0dd1491ae5e6c948b94479a3021819ba7d860c8645d"
"checksum libdbus-sys 0.1.4 (registry+https://github.com/rust-lang/crates.io-index)" = "99c78106156a964aadc1c59f7798276967be6705243b60f3ab7e131e3841db88"
"checksum pkg-config 0.3.14 (registry+https://github.com/rust-lang/crates.io-index)" = "676e8eb2b1b4c9043511a9b7bea0915320d7e502b0a079fb03f9635a5252b18c"
